// !$*UTF8*$!
{
	archiveVersion = 1;
	classes = {
	};
	objectVersion = 46;
	objects = {

/* Begin PBXBuildFile section */
		AF9DAF961A82473C004FDFB7 /* main.c in Sources */ = {isa = PBXBuildFile; fileRef = AF9DAF951A82473C004FDFB7 /* main.c */; };
/* End PBXBuildFile section */

/* Begin PBXCopyFilesBuildPhase section */
		AF9DAF901A82473C004FDFB7 /* CopyFiles */ = {
			isa = PBXCopyFilesBuildPhase;
			buildActionMask = 2147483647;
			dstPath = /usr/share/man/man1/;
			dstSubfolderSpec = 0;
			files = (
			);
			runOnlyForDeploymentPostprocessing = 1;
		};
/* End PBXCopyFilesBuildPhase section */

/* Begin PBXFileReference section */
		AF9DAF921A82473C004FDFB7 /* LuaEmbeding */ = {isa = PBXFileReference; explicitFileType = "compiled.mach-o.executable"; includeInIndex = 0; path = LuaEmbeding; sourceTree = BUILT_PRODUCTS_DIR; };
		AF9DAF951A82473C004FDFB7 /* main.c */ = {isa = PBXFileReference; lastKnownFileType = sourcecode.c.c; path = main.c; sourceTree = "<group>"; };
/* End PBXFileReference section */

/* Begin PBXFrameworksBuildPhase section */
		AF9DAF8F1A82473C004FDFB7 /* Frameworks */ = {
			isa = PBXFrameworksBuildPhase;
			buildActionMask = 2147483647;
			files = (
			);
			runOnlyForDeploymentPostprocessing = 0;
		};
/* End PBXFrameworksBuildPhase section */

/* Begin PBXGroup section */
		AF9DAF891A82473C004FDFB7 = {
			isa = PBXGroup;
			children = (
				AF9DAF941A82473C004FDFB7 /* LuaEmbeding */,
				AF9DAF931A82473C004FDFB7 /* Products */,
			);
			sourceTree = "<group>";
		};
		AF9DAF931A82473C004FDFB7 /* Products */ = {
			isa = PBXGroup;
			children = (
				AF9DAF921A82473C004FDFB7 /* LuaEmbeding */,
			);
			name = Products;
			sourceTree = "<group>";
		};
		AF9DAF941A82473C004FDFB7 /* LuaEmbeding */ = {
			isa = PBXGroup;
			children = (
				AF9DAF951A82473C004FDFB7 /* main.c */,
			);
			path = LuaEmbeding;
			sourceTree = "<group>";
		};
/* End PBXGroup section */

/* Begin PBXNativeTarget section */
		AF9DAF911A82473C004FDFB7 /* LuaEmbeding */ = {
			isa = PBXNativeTarget;
			buildConfigurationList = AF9DAF991A82473C004FDFB7 /* Build configuration list for PBXNativeTarget "LuaEmbeding" */;
			buildPhases = (
				AF9DAF8E1A82473C004FDFB7 /* Sources */,
				AF9DAF8F1A82473C004FDFB7 /* Frameworks */,
				AF9DAF901A82473C004FDFB7 /* CopyFiles */,
			);
			buildRules = (
			);
			dependencies = (
			);
			name = LuaEmbeding;
			productName = LuaEmbeding;
			productReference = AF9DAF921A82473C004FDFB7 /* LuaEmbeding */;
			productType = "com.apple.product-type.tool";
		};
/* End PBXNativeTarget section */

/* Begin PBXProject section */
		AF9DAF8A1A82473C004FDFB7 /* Project object */ = {
			isa = PBXProject;
			attributes = {
				LastUpgradeCheck = 0610;
				ORGANIZATIONNAME = RedChina;
				TargetAttributes = {
					AF9DAF911A82473C004FDFB7 = {
						CreatedOnToolsVersion = 6.1.1;
					};
				};
			};
			buildConfigurationList = AF9DAF8D1A82473C004FDFB7 /* Build configuration list for PBXProject "LuaEmbeding" */;
			compatibilityVersion = "Xcode 3.2";
			developmentRegion = English;
			hasScannedForEncodings = 0;
			knownRegions = (
				en,
			);
			mainGroup = AF9DAF891A82473C004FDFB7;
			productRefGroup = AF9DAF931A82473C004FDFB7 /* Products */;
			projectDirPath = "";
			projectRoot = "";
			targets = (
				AF9DAF911A82473C004FDFB7 /* LuaEmbeding */,
			);
		};
/* End PBXProject section */

/* Begin PBXSourcesBuildPhase section */
		AF9DAF8E1A82473C004FDFB7 /* Sources */ = {
			isa = PBXSourcesBuildPhase;
			buildActionMask = 2147483647;
			files = (
				AF9DAF961A82473C004FDFB7 /* main.c in Sources */,
			);
			runOnlyForDeploymentPostprocessing = 0;
		};
/* End PBXSourcesBuildPhase section */

/* Begin XCBuildConfiguration section */
		AF9DAF971A82473C004FDFB7 /* Debug */ = {
			isa = XCBuildConfiguration;
			buildSettings = {
				ALWAYS_SEARCH_USER_PATHS = NO;
				CLANG_CXX_LANGUAGE_STANDARD = "gnu++0x";
				CLANG_CXX_LIBRARY = "libc++";
				CLANG_ENABLE_MODULES = YES;
				CLANG_ENABLE_OBJC_ARC = YES;
				CLANG_WARN_BOOL_CONVERSION = YES;
				CLANG_WARN_CONSTANT_CONVERSION = YES;
				CLANG_WARN_DIRECT_OBJC_ISA_USAGE = YES_ERROR;
				CLANG_WARN_EMPTY_BODY = YES;
				CLANG_WARN_ENUM_CONVERSION = YES;
				CLANG_WARN_INT_CONVERSION = YES;
				CLANG_WARN_OBJC_ROOT_CLASS = YES_ERROR;
				CLANG_WARN_UNREACHABLE_CODE = YES;
				CLANG_WARN__DUPLICATE_METHOD_MATCH = YES;
				COPY_PHASE_STRIP = NO;
				ENABLE_STRICT_OBJC_MSGSEND = YES;
				GCC_C_LANGUAGE_STANDARD = gnu99;
				GCC_DYNAMIC_NO_PIC = NO;
				GCC_OPTIMIZATION_LEVEL = 0;
				GCC_PREPROCESSOR_DEFINITIONS = (
					"DEBUG=1",
					"$(inherited)",
				);
				GCC_SYMBOLS_PRIVATE_EXTERN = NO;
				GCC_WARN_64_TO_32_BIT_CONVERSION = YES;
				GCC_WARN_ABOUT_RETURN_TYPE = YES_ERROR;
				GCC_WARN_UNDECLARED_SELECTOR = YES;
				GCC_WARN_UNINITIALIZED_AUTOS = YES_AGGRESSIVE;
				GCC_WARN_UNUSED_FUNCTION = YES;
				GCC_WARN_UNUSED_VARIABLE = YES;
				MACOSX_DEPLOYMENT_TARGET = 10.10;
				MTL_ENABLE_DEBUG_INFO = YES;
				ONLY_ACTIVE_ARCH = YES;
				SDKROOT = macosx;
			};
			name = Debug;
		};
		AF9DAF981A82473C004FDFB7 /* Release */ = {
			isa = XCBuildConfiguration;
			buildSettings = {
				ALWAYS_SEARCH_USER_PATHS = NO;
				CLANG_CXX_LANGUAGE_STANDARD = "gnu++0x";
				CLANG_CXX_LIBRARY = "libc++";
				CLANG_ENABLE_MODULES = YES;
				CLANG_ENABLE_OBJC_ARC = YES;
				CLANG_WARN_BOOL_CONVERSION = YES;
				CLANG_WARN_CONSTANT_CONVERSION = YES;
				CLANG_WARN_DIRECT_OBJC_ISA_USAGE = YES_ERROR;
				CLANG_WARN_EMPTY_BODY = YES;
				CLANG_WARN_ENUM_CONVERSION = YES;
				CLANG_WARN_INT_CONVERSION = YES;
				CLANG_WARN_OBJC_ROOT_CLASS = YES_ERROR;
				CLANG_WARN_UNREACHABLE_CODE = YES;
				CLANG_WARN__DUPLICATE_METHOD_MATCH = YES;
				COPY_PHASE_STRIP = YES;
				DEBUG_INFORMATION_FORMAT = "dwarf-with-dsym";
				ENABLE_NS_ASSERTIONS = NO;
				ENABLE_STRICT_OBJC_MSGSEND = YES;
				GCC_C_LANGUAGE_STANDARD = gnu99;
				GCC_WARN_64_TO_32_BIT_CONVERSION = YES;
				GCC_WARN_ABOUT_RETURN_TYPE = YES_ERROR;
				GCC_WARN_UNDECLARED_SELECTOR = YES;
				GCC_WARN_UNINITIALIZED_AUTOS = YES_AGGRESSIVE;
				GCC_WARN_UNUSED_FUNCTION = YES;
				GCC_WARN_UNUSED_VARIABLE = YES;
				MACOSX_DEPLOYMENT_TARGET = 10.10;
				MTL_ENABLE_DEBUG_INFO = NO;
				SDKROOT = macosx;
			};
			name = Release;
		};
		AF9DAF9A1A82473C004FDFB7 /* Debug */ = {
			isa = XCBuildConfiguration;
			buildSettings = {
				HEADER_SEARCH_PATHS = (
					"$(inherited)",
					"/Users/moye/Downloads/lua-5.2.3",
				);
				"HEADER_SEARCH_PATHS[arch=*]" = "$(SRCROOT)/LuaEmbeding/lua-5.2.3/src/";
				"LIBRARY_SEARCH_PATHS[arch=*]" = "$(PROJECT_DIR)/LuaEmbeding";
				PRODUCT_NAME = "$(TARGET_NAME)";
			};
			name = Debug;
		};
		AF9DAF9B1A82473C004FDFB7 /* Release */ = {
			isa = XCBuildConfiguration;
			buildSettings = {
				HEADER_SEARCH_PATHS = (
					"$(inherited)",
					"/Users/moye/Downloads/lua-5.2.3",
				);
				"HEADER_SEARCH_PATHS[arch=*]" = "$(SRCROOT)/LuaEmbeding/lua-5.2.3/src/";
				"LIBRARY_SEARCH_PATHS[arch=*]" = "$(PROJECT_DIR)/LuaEmbeding";
				PRODUCT_NAME = "$(TARGET_NAME)";
			};
			name = Release;
		};
/* End XCBuildConfiguration section */

/* Begin XCConfigurationList section */
		AF9DAF8D1A82473C004FDFB7 /* Build configuration list for PBXProject "LuaEmbeding" */ = {
			isa = XCConfigurationList;
			buildConfigurations = (
				AF9DAF971A82473C004FDFB7 /* Debug */,
				AF9DAF981A82473C004FDFB7 /* Release */,
			);
			defaultConfigurationIsVisible = 0;
			defaultConfigurationName = Release;
		};
		AF9DAF991A82473C004FDFB7 /* Build configuration list for PBXNativeTarget "LuaEmbeding" */ = {
			isa = XCConfigurationList;
			buildConfigurations = (
				AF9DAF9A1A82473C004FDFB7 /* Debug */,
				AF9DAF9B1A82473C004FDFB7 /* Release */,
			);
			defaultConfigurationIsVisible = 0;
		};
/* End XCConfigurationList section */
	};
	rootObject = AF9DAF8A1A82473C004FDFB7 /* Project object */;
}
